
Microsoft Visual Studio Solution File, Format Version 12.00
# Visual Studio Version 17
VisualStudioVersion = 17.11.35222.181
MinimumVisualStudioVersion = 10.0.40219.1
Project("{2150E333-8FDC-42A3-9474-1A3956D46DE8}") = "Frontend", "Frontend", "{F874B93F-3686-4461-A83C-5B98D6C7A001}"
EndProject
Project("{2150E333-8FDC-42A3-9474-1A3956D46DE8}") = "ApiGateway", "ApiGateway", "{4489000A-4E81-4DB0-9A47-4F3D35A325C0}"
EndProject
Project("{2150E333-8FDC-42A3-9474-1A3956D46DE8}") = "Integration", "Integration", "{C2A2A569-6EB8-47B2-934C-BAF396626156}"
EndProject
Project("{2150E333-8FDC-42A3-9474-1A3956D46DE8}") = "Service", "Service", "{6ACDB9D7-DB8F-4B6F-BADB-05C690605BA1}"
EndProject
Project("{2150E333-8FDC-42A3-9474-1A3956D46DE8}") = "CommonLibraries", "CommonLibraries", "{481BA4EB-F621-4BB5-A0C3-58BC8C4D3DED}"
EndProject
Project("{9A19103F-16F7-4668-BE54-9A1E7A4F7556}") = "Gee.Core", "Gee.Core\Gee.Core.csproj", "{10CE1C66-2C04-44BF-A129-889BC70C315C}"
EndProject
Project("{9A19103F-16F7-4668-BE54-9A1E7A4F7556}") = "Identity.API", "Identity.API\Identity.API.csproj", "{F4D41389-1747-49E5-9119-25036CDDDF49}"
EndProject
Project("{9A19103F-16F7-4668-BE54-9A1E7A4F7556}") = "OcelotApiGateway", "OcelotApiGateway\OcelotApiGateway.csproj", "{108399F6-493B-4B0B-AEB7-68FE8AA9FB97}"
EndProject
Project("{9A19103F-16F7-4668-BE54-9A1E7A4F7556}") = "Gee.DefaultServices", "Gee.DefaultServices\Gee.DefaultServices.csproj", "{72340499-1A22-4217-A115-E73C9B007985}"
EndProject
Project("{9A19103F-16F7-4668-BE54-9A1E7A4F7556}") = "TenantApi.Service", "TenantApi.Service\TenantApi.Service.csproj", "{3BA81C62-2A72-47B1-9711-3BC90FF981B4}"
EndProject
Project("{9A19103F-16F7-4668-BE54-9A1E7A4F7556}") = "CatalogApi.Infrastructure", "CatalogApi.Infrastructure\CatalogApi.Infrastructure.csproj", "{325D9702-23A3-4451-9A5F-BB70F45F97E8}"
EndProject
Project("{9A19103F-16F7-4668-BE54-9A1E7A4F7556}") = "CatalogApi", "CatalogApi\CatalogApi.csproj", "{E6AD16AC-9D72-442A-BC23-081AE03D8753}"
EndProject
Project("{9A19103F-16F7-4668-BE54-9A1E7A4F7556}") = "CatalogApi.Domain", "CatalogApi.Domain\CatalogApi.Domain.csproj", "{92AFE1F6-4794-46FB-8055-04F93977BDD6}"
EndProject
Project("{9A19103F-16F7-4668-BE54-9A1E7A4F7556}") = "CatalogApi.CoreServices", "CatalogApi.CoreServices\CatalogApi.CoreServices.csproj", "{6CAE793D-0B4B-4600-B901-EC75ACBE9FC4}"
EndProject
Project("{FAE04EC0-301F-11D3-BF4B-00C04F79EFBC}") = "Gee.Core.MultiTenancy", "Gee.Core.MultiTenancy\Gee.Core.MultiTenancy.csproj", "{8C8B9289-4B03-45E4-91AC-97BC8D267F09}"
EndProject
Global
	GlobalSection(SolutionConfigurationPlatforms) = preSolution
		Debug|Any CPU = Debug|Any CPU
		Release|Any CPU = Release|Any CPU
	EndGlobalSection
	GlobalSection(ProjectConfigurationPlatforms) = postSolution
		{10CE1C66-2C04-44BF-A129-889BC70C315C}.Debug|Any CPU.ActiveCfg = Debug|Any CPU
		{10CE1C66-2C04-44BF-A129-889BC70C315C}.Debug|Any CPU.Build.0 = Debug|Any CPU
		{10CE1C66-2C04-44BF-A129-889BC70C315C}.Release|Any CPU.ActiveCfg = Release|Any CPU
		{10CE1C66-2C04-44BF-A129-889BC70C315C}.Release|Any CPU.Build.0 = Release|Any CPU
		{F4D41389-1747-49E5-9119-25036CDDDF49}.Debug|Any CPU.ActiveCfg = Debug|Any CPU
		{F4D41389-1747-49E5-9119-25036CDDDF49}.Debug|Any CPU.Build.0 = Debug|Any CPU
		{F4D41389-1747-49E5-9119-25036CDDDF49}.Release|Any CPU.ActiveCfg = Release|Any CPU
		{F4D41389-1747-49E5-9119-25036CDDDF49}.Release|Any CPU.Build.0 = Release|Any CPU
		{108399F6-493B-4B0B-AEB7-68FE8AA9FB97}.Debug|Any CPU.ActiveCfg = Debug|Any CPU
		{108399F6-493B-4B0B-AEB7-68FE8AA9FB97}.Debug|Any CPU.Build.0 = Debug|Any CPU
		{108399F6-493B-4B0B-AEB7-68FE8AA9FB97}.Release|Any CPU.ActiveCfg = Release|Any CPU
		{108399F6-493B-4B0B-AEB7-68FE8AA9FB97}.Release|Any CPU.Build.0 = Release|Any CPU
		{72340499-1A22-4217-A115-E73C9B007985}.Debug|Any CPU.ActiveCfg = Debug|Any CPU
		{72340499-1A22-4217-A115-E73C9B007985}.Debug|Any CPU.Build.0 = Debug|Any CPU
		{72340499-1A22-4217-A115-E73C9B007985}.Release|Any CPU.ActiveCfg = Release|Any CPU
		{72340499-1A22-4217-A115-E73C9B007985}.Release|Any CPU.Build.0 = Release|Any CPU
		{3BA81C62-2A72-47B1-9711-3BC90FF981B4}.Debug|Any CPU.ActiveCfg = Debug|Any CPU
		{3BA81C62-2A72-47B1-9711-3BC90FF981B4}.Debug|Any CPU.Build.0 = Debug|Any CPU
		{3BA81C62-2A72-47B1-9711-3BC90FF981B4}.Release|Any CPU.ActiveCfg = Release|Any CPU
		{3BA81C62-2A72-47B1-9711-3BC90FF981B4}.Release|Any CPU.Build.0 = Release|Any CPU
		{325D9702-23A3-4451-9A5F-BB70F45F97E8}.Debug|Any CPU.ActiveCfg = Debug|Any CPU
		{325D9702-23A3-4451-9A5F-BB70F45F97E8}.Debug|Any CPU.Build.0 = Debug|Any CPU
		{325D9702-23A3-4451-9A5F-BB70F45F97E8}.Release|Any CPU.ActiveCfg = Release|Any CPU
		{325D9702-23A3-4451-9A5F-BB70F45F97E8}.Release|Any CPU.Build.0 = Release|Any CPU
		{E6AD16AC-9D72-442A-BC23-081AE03D8753}.Debug|Any CPU.ActiveCfg = Debug|Any CPU
		{E6AD16AC-9D72-442A-BC23-081AE03D8753}.Debug|Any CPU.Build.0 = Debug|Any CPU
		{E6AD16AC-9D72-442A-BC23-081AE03D8753}.Release|Any CPU.ActiveCfg = Release|Any CPU
		{E6AD16AC-9D72-442A-BC23-081AE03D8753}.Release|Any CPU.Build.0 = Release|Any CPU
		{92AFE1F6-4794-46FB-8055-04F93977BDD6}.Debug|Any CPU.ActiveCfg = Debug|Any CPU
		{92AFE1F6-4794-46FB-8055-04F93977BDD6}.Debug|Any CPU.Build.0 = Debug|Any CPU
		{92AFE1F6-4794-46FB-8055-04F93977BDD6}.Release|Any CPU.ActiveCfg = Release|Any CPU
		{92AFE1F6-4794-46FB-8055-04F93977BDD6}.Release|Any CPU.Build.0 = Release|Any CPU
		{6CAE793D-0B4B-4600-B901-EC75ACBE9FC4}.Debug|Any CPU.ActiveCfg = Debug|Any CPU
		{6CAE793D-0B4B-4600-B901-EC75ACBE9FC4}.Debug|Any CPU.Build.0 = Debug|Any CPU
		{6CAE793D-0B4B-4600-B901-EC75ACBE9FC4}.Release|Any CPU.ActiveCfg = Release|Any CPU
		{6CAE793D-0B4B-4600-B901-EC75ACBE9FC4}.Release|Any CPU.Build.0 = Release|Any CPU
		{8C8B9289-4B03-45E4-91AC-97BC8D267F09}.Debug|Any CPU.ActiveCfg = Debug|Any CPU
		{8C8B9289-4B03-45E4-91AC-97BC8D267F09}.Debug|Any CPU.Build.0 = Debug|Any CPU
		{8C8B9289-4B03-45E4-91AC-97BC8D267F09}.Release|Any CPU.ActiveCfg = Release|Any CPU
		{8C8B9289-4B03-45E4-91AC-97BC8D267F09}.Release|Any CPU.Build.0 = Release|Any CPU
	EndGlobalSection
	GlobalSection(SolutionProperties) = preSolution
		HideSolutionNode = FALSE
	EndGlobalSection
	GlobalSection(NestedProjects) = preSolution
		{10CE1C66-2C04-44BF-A129-889BC70C315C} = {481BA4EB-F621-4BB5-A0C3-58BC8C4D3DED}
		{F4D41389-1747-49E5-9119-25036CDDDF49} = {6ACDB9D7-DB8F-4B6F-BADB-05C690605BA1}
		{108399F6-493B-4B0B-AEB7-68FE8AA9FB97} = {4489000A-4E81-4DB0-9A47-4F3D35A325C0}
		{72340499-1A22-4217-A115-E73C9B007985} = {481BA4EB-F621-4BB5-A0C3-58BC8C4D3DED}
		{3BA81C62-2A72-47B1-9711-3BC90FF981B4} = {6ACDB9D7-DB8F-4B6F-BADB-05C690605BA1}
		{325D9702-23A3-4451-9A5F-BB70F45F97E8} = {6ACDB9D7-DB8F-4B6F-BADB-05C690605BA1}
		{E6AD16AC-9D72-442A-BC23-081AE03D8753} = {6ACDB9D7-DB8F-4B6F-BADB-05C690605BA1}
		{92AFE1F6-4794-46FB-8055-04F93977BDD6} = {6ACDB9D7-DB8F-4B6F-BADB-05C690605BA1}
		{6CAE793D-0B4B-4600-B901-EC75ACBE9FC4} = {6ACDB9D7-DB8F-4B6F-BADB-05C690605BA1}
		{8C8B9289-4B03-45E4-91AC-97BC8D267F09} = {481BA4EB-F621-4BB5-A0C3-58BC8C4D3DED}
	EndGlobalSection
	GlobalSection(ExtensibilityGlobals) = postSolution
		SolutionGuid = {E76A4FAB-A5C4-44F8-B29A-5FBAF1FFBBAF}
	EndGlobalSection
EndGlobal
